
Microsoft Visual Studio Solution File, Format Version 12.00
# Visual Studio Version 17
VisualStudioVersion = 17.8.34330.188
MinimumVisualStudioVersion = 10.0.40219.1
Project("{FAE04EC0-301F-11D3-BF4B-00C04F79EFBC}") = "MotoApp", "MotoApp\MotoApp.csproj", "{A7EA5935-B4A0-4817-A3F7-7119B84EBE93}"
EndProject
Global
	GlobalSection(SolutionConfigurationPlatforms) = preSolution
		Debug|Any CPU = Debug|Any CPU
		Release|Any CPU = Release|Any CPU
	EndGlobalSection
	GlobalSection(ProjectConfigurationPlatforms) = postSolution
		{A7EA5935-B4A0-4817-A3F7-7119B84EBE93}.Debug|Any CPU.ActiveCfg = Debug|Any CPU
		{A7EA5935-B4A0-4817-A3F7-7119B84EBE93}.Debug|Any CPU.Build.0 = Debug|Any CPU
		{A7EA5935-B4A0-4817-A3F7-7119B84EBE93}.Release|Any CPU.ActiveCfg = Release|Any CPU
		{A7EA5935-B4A0-4817-A3F7-7119B84EBE93}.Release|Any CPU.Build.0 = Release|Any CPU
	EndGlobalSection
	GlobalSection(SolutionProperties) = preSolution
		HideSolutionNode = FALSE
	EndGlobalSection
	GlobalSection(ExtensibilityGlobals) = postSolution
		SolutionGuid = {52069A0A-C319-4B9D-8D6C-E0B84DF4B622}
	EndGlobalSection
EndGlobal
